// !$*UTF8*$!
{
	archiveVersion = 1;
	classes = {
	};
	objectVersion = 46;
	objects = {

/* Begin PBXBuildFile section */
		41F821AE19FFAA1000018F40 /* AppDelegate.swift in Sources */ = {isa = PBXBuildFile; fileRef = 41F821AD19FFAA1000018F40 /* AppDelegate.swift */; };
		41F821B019FFAA1000018F40 /* ViewController.swift in Sources */ = {isa = PBXBuildFile; fileRef = 41F821AF19FFAA1000018F40 /* ViewController.swift */; };
		41F821B319FFAA1000018F40 /* Main.storyboard in Resources */ = {isa = PBXBuildFile; fileRef = 41F821B119FFAA1000018F40 /* Main.storyboard */; };
		41F821B519FFAA1000018F40 /* Images.xcassets in Resources */ = {isa = PBXBuildFile; fileRef = 41F821B419FFAA1000018F40 /* Images.xcassets */; };
		41F821B819FFAA1000018F40 /* LaunchScreen.xib in Resources */ = {isa = PBXBuildFile; fileRef = 41F821B619FFAA1000018F40 /* LaunchScreen.xib */; };
		41F821C419FFAA1100018F40 /* SunshineAndRainTests.swift in Sources */ = {isa = PBXBuildFile; fileRef = 41F821C319FFAA1100018F40 /* SunshineAndRainTests.swift */; };
		41F821CE19FFAC4100018F40 /* WeatherDetailsVC.swift in Sources */ = {isa = PBXBuildFile; fileRef = 41F821CD19FFAC4100018F40 /* WeatherDetailsVC.swift */; };
		41F821D019FFAD5500018F40 /* Weather.swift in Sources */ = {isa = PBXBuildFile; fileRef = 41F821CF19FFAD5500018F40 /* Weather.swift */; };
/* End PBXBuildFile section */

/* Begin PBXContainerItemProxy section */
		41F821BE19FFAA1000018F40 /* PBXContainerItemProxy */ = {
			isa = PBXContainerItemProxy;
			containerPortal = 41F821A019FFAA0F00018F40 /* Project object */;
			proxyType = 1;
			remoteGlobalIDString = 41F821A719FFAA0F00018F40;
			remoteInfo = SunshineAndRain;
		};
/* End PBXContainerItemProxy section */

/* Begin PBXFileReference section */
		41F821A819FFAA0F00018F40 /* SunshineAndRain.app */ = {isa = PBXFileReference; explicitFileType = wrapper.application; includeInIndex = 0; path = SunshineAndRain.app; sourceTree = BUILT_PRODUCTS_DIR; };
		41F821AC19FFAA1000018F40 /* Info.plist */ = {isa = PBXFileReference; lastKnownFileType = text.plist.xml; path = Info.plist; sourceTree = "<group>"; };
		41F821AD19FFAA1000018F40 /* AppDelegate.swift */ = {isa = PBXFileReference; lastKnownFileType = sourcecode.swift; path = AppDelegate.swift; sourceTree = "<group>"; };
		41F821AF19FFAA1000018F40 /* ViewController.swift */ = {isa = PBXFileReference; lastKnownFileType = sourcecode.swift; path = ViewController.swift; sourceTree = "<group>"; };
		41F821B219FFAA1000018F40 /* Base */ = {isa = PBXFileReference; lastKnownFileType = file.storyboard; name = Base; path = Base.lproj/Main.storyboard; sourceTree = "<group>"; };
		41F821B419FFAA1000018F40 /* Images.xcassets */ = {isa = PBXFileReference; lastKnownFileType = folder.assetcatalog; path = Images.xcassets; sourceTree = "<group>"; };
		41F821B719FFAA1000018F40 /* Base */ = {isa = PBXFileReference; lastKnownFileType = file.xib; name = Base; path = Base.lproj/LaunchScreen.xib; sourceTree = "<group>"; };
		41F821BD19FFAA1000018F40 /* SunshineAndRainTests.xctest */ = {isa = PBXFileReference; explicitFileType = wrapper.cfbundle; includeInIndex = 0; path = SunshineAndRainTests.xctest; sourceTree = BUILT_PRODUCTS_DIR; };
		41F821C219FFAA1100018F40 /* Info.plist */ = {isa = PBXFileReference; lastKnownFileType = text.plist.xml; path = Info.plist; sourceTree = "<group>"; };
		41F821C319FFAA1100018F40 /* SunshineAndRainTests.swift */ = {isa = PBXFileReference; lastKnownFileType = sourcecode.swift; path = SunshineAndRainTests.swift; sourceTree = "<group>"; };
		41F821CD19FFAC4100018F40 /* WeatherDetailsVC.swift */ = {isa = PBXFileReference; fileEncoding = 4; lastKnownFileType = sourcecode.swift; path = WeatherDetailsVC.swift; sourceTree = "<group>"; };
		41F821CF19FFAD5500018F40 /* Weather.swift */ = {isa = PBXFileReference; fileEncoding = 4; lastKnownFileType = sourcecode.swift; path = Weather.swift; sourceTree = "<group>"; };
/* End PBXFileReference section */

/* Begin PBXFrameworksBuildPhase section */
		41F821A519FFAA0F00018F40 /* Frameworks */ = {
			isa = PBXFrameworksBuildPhase;
			buildActionMask = 2147483647;
			files = (
			);
			runOnlyForDeploymentPostprocessing = 0;
		};
		41F821BA19FFAA1000018F40 /* Frameworks */ = {
			isa = PBXFrameworksBuildPhase;
			buildActionMask = 2147483647;
			files = (
			);
			runOnlyForDeploymentPostprocessing = 0;
		};
/* End PBXFrameworksBuildPhase section */

/* Begin PBXGroup section */
		41F8219F19FFAA0F00018F40 = {
			isa = PBXGroup;
			children = (
				41F821AA19FFAA0F00018F40 /* SunshineAndRain */,
				41F821C019FFAA1000018F40 /* SunshineAndRainTests */,
				41F821A919FFAA0F00018F40 /* Products */,
			);
			sourceTree = "<group>";
		};
		41F821A919FFAA0F00018F40 /* Products */ = {
			isa = PBXGroup;
			children = (
				41F821A819FFAA0F00018F40 /* SunshineAndRain.app */,
				41F821BD19FFAA1000018F40 /* SunshineAndRainTests.xctest */,
			);
			name = Products;
			sourceTree = "<group>";
		};
		41F821AA19FFAA0F00018F40 /* SunshineAndRain */ = {
			isa = PBXGroup;
			children = (
				41F821AD19FFAA1000018F40 /* AppDelegate.swift */,
				41F821AF19FFAA1000018F40 /* ViewController.swift */,
				41F821CD19FFAC4100018F40 /* WeatherDetailsVC.swift */,
				41F821CF19FFAD5500018F40 /* Weather.swift */,
				41F821B119FFAA1000018F40 /* Main.storyboard */,
				41F821B419FFAA1000018F40 /* Images.xcassets */,
				41F821B619FFAA1000018F40 /* LaunchScreen.xib */,
				41F821AB19FFAA1000018F40 /* Supporting Files */,
			);
			path = SunshineAndRain;
			sourceTree = "<group>";
		};
		41F821AB19FFAA1000018F40 /* Supporting Files */ = {
			isa = PBXGroup;
			children = (
				41F821AC19FFAA1000018F40 /* Info.plist */,
			);
			name = "Supporting Files";
			sourceTree = "<group>";
		};
		41F821C019FFAA1000018F40 /* SunshineAndRainTests */ = {
			isa = PBXGroup;
			children = (
				41F821C319FFAA1100018F40 /* SunshineAndRainTests.swift */,
				41F821C119FFAA1100018F40 /* Supporting Files */,
			);
			path = SunshineAndRainTests;
			sourceTree = "<group>";
		};
		41F821C119FFAA1100018F40 /* Supporting Files */ = {
			isa = PBXGroup;
			children = (
				41F821C219FFAA1100018F40 /* Info.plist */,
			);
			name = "Supporting Files";
			sourceTree = "<group>";
		};
/* End PBXGroup section */

/* Begin PBXNativeTarget section */
		41F821A719FFAA0F00018F40 /* SunshineAndRain */ = {
			isa = PBXNativeTarget;
			buildConfigurationList = 41F821C719FFAA1100018F40 /* Build configuration list for PBXNativeTarget "SunshineAndRain" */;
			buildPhases = (
				41F821A419FFAA0F00018F40 /* Sources */,
				41F821A519FFAA0F00018F40 /* Frameworks */,
				41F821A619FFAA0F00018F40 /* Resources */,
			);
			buildRules = (
			);
			dependencies = (
			);
			name = SunshineAndRain;
			productName = SunshineAndRain;
			productReference = 41F821A819FFAA0F00018F40 /* SunshineAndRain.app */;
			productType = "com.apple.product-type.application";
		};
		41F821BC19FFAA1000018F40 /* SunshineAndRainTests */ = {
			isa = PBXNativeTarget;
			buildConfigurationList = 41F821CA19FFAA1100018F40 /* Build configuration list for PBXNativeTarget "SunshineAndRainTests" */;
			buildPhases = (
				41F821B919FFAA1000018F40 /* Sources */,
				41F821BA19FFAA1000018F40 /* Frameworks */,
				41F821BB19FFAA1000018F40 /* Resources */,
			);
			buildRules = (
			);
			dependencies = (
				41F821BF19FFAA1000018F40 /* PBXTargetDependency */,
			);
			name = SunshineAndRainTests;
			productName = SunshineAndRainTests;
			productReference = 41F821BD19FFAA1000018F40 /* SunshineAndRainTests.xctest */;
			productType = "com.apple.product-type.bundle.unit-test";
		};
/* End PBXNativeTarget section */

/* Begin PBXProject section */
		41F821A019FFAA0F00018F40 /* Project object */ = {
			isa = PBXProject;
			attributes = {
				LastUpgradeCheck = 0610;
				ORGANIZATIONNAME = "Jian Yao Ang";
				TargetAttributes = {
					41F821A719FFAA0F00018F40 = {
						CreatedOnToolsVersion = 6.1;
					};
					41F821BC19FFAA1000018F40 = {
						CreatedOnToolsVersion = 6.1;
						TestTargetID = 41F821A719FFAA0F00018F40;
					};
				};
			};
			buildConfigurationList = 41F821A319FFAA0F00018F40 /* Build configuration list for PBXProject "SunshineAndRain" */;
			compatibilityVersion = "Xcode 3.2";
			developmentRegion = English;
			hasScannedForEncodings = 0;
			knownRegions = (
				en,
				Base,
			);
			mainGroup = 41F8219F19FFAA0F00018F40;
			productRefGroup = 41F821A919FFAA0F00018F40 /* Products */;
			projectDirPath = "";
			projectRoot = "";
			targets = (
				41F821A719FFAA0F00018F40 /* SunshineAndRain */,
				41F821BC19FFAA1000018F40 /* SunshineAndRainTests */,
			);
		};
/* End PBXProject section */

/* Begin PBXResourcesBuildPhase section */
		41F821A619FFAA0F00018F40 /* Resources */ = {
			isa = PBXResourcesBuildPhase;
			buildActionMask = 2147483647;
			files = (
				41F821B319FFAA1000018F40 /* Main.storyboard in Resources */,
				41F821B819FFAA1000018F40 /* LaunchScreen.xib in Resources */,
				41F821B519FFAA1000018F40 /* Images.xcassets in Resources */,
			);
			runOnlyForDeploymentPostprocessing = 0;
		};
		41F821BB19FFAA1000018F40 /* Resources */ = {
			isa = PBXResourcesBuildPhase;
			buildActionMask = 2147483647;
			files = (
			);
			runOnlyForDeploymentPostprocessing = 0;
		};
/* End PBXResourcesBuildPhase section */

/* Begin PBXSourcesBuildPhase section */
		41F821A419FFAA0F00018F40 /* Sources */ = {
			isa = PBXSourcesBuildPhase;
			buildActionMask = 2147483647;
			files = (
				41F821D019FFAD5500018F40 /* Weather.swift in Sources */,
				41F821B019FFAA1000018F40 /* ViewController.swift in Sources */,
				41F821CE19FFAC4100018F40 /* WeatherDetailsVC.swift in Sources */,
				41F821AE19FFAA1000018F40 /* AppDelegate.swift in Sources */,
			);
			runOnlyForDeploymentPostprocessing = 0;
		};
		41F821B919FFAA1000018F40 /* Sources */ = {
			isa = PBXSourcesBuildPhase;
			buildActionMask = 2147483647;
			files = (
				41F821C419FFAA1100018F40 /* SunshineAndRainTests.swift in Sources */,
			);
			runOnlyForDeploymentPostprocessing = 0;
		};
/* End PBXSourcesBuildPhase section */

/* Begin PBXTargetDependency section */
		41F821BF19FFAA1000018F40 /* PBXTargetDependency */ = {
			isa = PBXTargetDependency;
			target = 41F821A719FFAA0F00018F40 /* SunshineAndRain */;
			targetProxy = 41F821BE19FFAA1000018F40 /* PBXContainerItemProxy */;
		};
/* End PBXTargetDependency section */

/* Begin PBXVariantGroup section */
		41F821B119FFAA1000018F40 /* Main.storyboard */ = {
			isa = PBXVariantGroup;
			children = (
				41F821B219FFAA1000018F40 /* Base */,
			);
			name = Main.storyboard;
			sourceTree = "<group>";
		};
		41F821B619FFAA1000018F40 /* LaunchScreen.xib */ = {
			isa = PBXVariantGroup;
			children = (
				41F821B719FFAA1000018F40 /* Base */,
			);
			name = LaunchScreen.xib;
			sourceTree = "<group>";
		};
/* End PBXVariantGroup section */

/* Begin XCBuildConfiguration section */
		41F821C519FFAA1100018F40 /* Debug */ = {
			isa = XCBuildConfiguration;
			buildSettings = {
				ALWAYS_SEARCH_USER_PATHS = NO;
				CLANG_CXX_LANGUAGE_STANDARD = "gnu++0x";
				CLANG_CXX_LIBRARY = "libc++";
				CLANG_ENABLE_MODULES = YES;
				CLANG_ENABLE_OBJC_ARC = YES;
				CLANG_WARN_BOOL_CONVERSION = YES;
				CLANG_WARN_CONSTANT_CONVERSION = YES;
				CLANG_WARN_DIRECT_OBJC_ISA_USAGE = YES_ERROR;
				CLANG_WARN_EMPTY_BODY = YES;
				CLANG_WARN_ENUM_CONVERSION = YES;
				CLANG_WARN_INT_CONVERSION = YES;
				CLANG_WARN_OBJC_ROOT_CLASS = YES_ERROR;
				CLANG_WARN_UNREACHABLE_CODE = YES;
				CLANG_WARN__DUPLICATE_METHOD_MATCH = YES;
				"CODE_SIGN_IDENTITY[sdk=iphoneos*]" = "iPhone Developer";
				COPY_PHASE_STRIP = NO;
				ENABLE_STRICT_OBJC_MSGSEND = YES;
				GCC_C_LANGUAGE_STANDARD = gnu99;
				GCC_DYNAMIC_NO_PIC = NO;
				GCC_OPTIMIZATION_LEVEL = 0;
				GCC_PREPROCESSOR_DEFINITIONS = (
					"DEBUG=1",
					"$(inherited)",
				);
				GCC_SYMBOLS_PRIVATE_EXTERN = NO;
				GCC_WARN_64_TO_32_BIT_CONVERSION = YES;
				GCC_WARN_ABOUT_RETURN_TYPE = YES_ERROR;
				GCC_WARN_UNDECLARED_SELECTOR = YES;
				GCC_WARN_UNINITIALIZED_AUTOS = YES_AGGRESSIVE;
				GCC_WARN_UNUSED_FUNCTION = YES;
				GCC_WARN_UNUSED_VARIABLE = YES;
				IPHONEOS_DEPLOYMENT_TARGET = 8.1;
				MTL_ENABLE_DEBUG_INFO = YES;
				ONLY_ACTIVE_ARCH = YES;
				SDKROOT = iphoneos;
				SWIFT_OPTIMIZATION_LEVEL = "-Onone";
			};
			name = Debug;
		};
		41F821C619FFAA1100018F40 /* Release */ = {
			isa = XCBuildConfiguration;
			buildSettings = {
				ALWAYS_SEARCH_USER_PATHS = NO;
				CLANG_CXX_LANGUAGE_STANDARD = "gnu++0x";
				CLANG_CXX_LIBRARY = "libc++";
				CLANG_ENABLE_MODULES = YES;
				CLANG_ENABLE_OBJC_ARC = YES;
				CLANG_WARN_BOOL_CONVERSION = YES;
				CLANG_WARN_CONSTANT_CONVERSION = YES;
				CLANG_WARN_DIRECT_OBJC_ISA_USAGE = YES_ERROR;
				CLANG_WARN_EMPTY_BODY = YES;
				CLANG_WARN_ENUM_CONVERSION = YES;
				CLANG_WARN_INT_CONVERSION = YES;
				CLANG_WARN_OBJC_ROOT_CLASS = YES_ERROR;
				CLANG_WARN_UNREACHABLE_CODE = YES;
				CLANG_WARN__DUPLICATE_METHOD_MATCH = YES;
				"CODE_SIGN_IDENTITY[sdk=iphoneos*]" = "iPhone Developer";
				COPY_PHASE_STRIP = YES;
				ENABLE_NS_ASSERTIONS = NO;
				ENABLE_STRICT_OBJC_MSGSEND = YES;
				GCC_C_LANGUAGE_STANDARD = gnu99;
				GCC_WARN_64_TO_32_BIT_CONVERSION = YES;
				GCC_WARN_ABOUT_RETURN_TYPE = YES_ERROR;
				GCC_WARN_UNDECLARED_SELECTOR = YES;
				GCC_WARN_UNINITIALIZED_AUTOS = YES_AGGRESSIVE;
				GCC_WARN_UNUSED_FUNCTION = YES;
				GCC_WARN_UNUSED_VARIABLE = YES;
				IPHONEOS_DEPLOYMENT_TARGET = 8.1;
				MTL_ENABLE_DEBUG_INFO = NO;
				SDKROOT = iphoneos;
				VALIDATE_PRODUCT = YES;
			};
			name = Release;
		};
		41F821C819FFAA1100018F40 /* Debug */ = {
			isa = XCBuildConfiguration;
			buildSettings = {
				ASSETCATALOG_COMPILER_APPICON_NAME = AppIcon;
				INFOPLIST_FILE = SunshineAndRain/Info.plist;
				LD_RUNPATH_SEARCH_PATHS = "$(inherited) @executable_path/Frameworks";
				PRODUCT_NAME = "$(TARGET_NAME)";
			};
			name = Debug;
		};
		41F821C919FFAA1100018F40 /* Release */ = {
			isa = XCBuildConfiguration;
			buildSettings = {
				ASSETCATALOG_COMPILER_APPICON_NAME = AppIcon;
				INFOPLIST_FILE = SunshineAndRain/Info.plist;
				LD_RUNPATH_SEARCH_PATHS = "$(inherited) @executable_path/Frameworks";
				PRODUCT_NAME = "$(TARGET_NAME)";
			};
			name = Release;
		};
		41F821CB19FFAA1100018F40 /* Debug */ = {
			isa = XCBuildConfiguration;
			buildSettings = {
				BUNDLE_LOADER = "$(TEST_HOST)";
				FRAMEWORK_SEARCH_PATHS = (
					"$(SDKROOT)/Developer/Library/Frameworks",
					"$(inherited)",
				);
				GCC_PREPROCESSOR_DEFINITIONS = (
					"DEBUG=1",
					"$(inherited)",
				);
				INFOPLIST_FILE = SunshineAndRainTests/Info.plist;
				LD_RUNPATH_SEARCH_PATHS = "$(inherited) @executable_path/Frameworks @loader_path/Frameworks";
				PRODUCT_NAME = "$(TARGET_NAME)";
				TEST_HOST = "$(BUILT_PRODUCTS_DIR)/SunshineAndRain.app/SunshineAndRain";
			};
			name = Debug;
		};
		41F821CC19FFAA1100018F40 /* Release */ = {
			isa = XCBuildConfiguration;
			buildSettings = {
				BUNDLE_LOADER = "$(TEST_HOST)";
				FRAMEWORK_SEARCH_PATHS = (
					"$(SDKROOT)/Developer/Library/Frameworks",
					"$(inherited)",
				);
				INFOPLIST_FILE = SunshineAndRainTests/Info.plist;
				LD_RUNPATH_SEARCH_PATHS = "$(inherited) @executable_path/Frameworks @loader_path/Frameworks";
				PRODUCT_NAME = "$(TARGET_NAME)";
				TEST_HOST = "$(BUILT_PRODUCTS_DIR)/SunshineAndRain.app/SunshineAndRain";
			};
			name = Release;
		};
/* End XCBuildConfiguration section */

/* Begin XCConfigurationList section */
		41F821A319FFAA0F00018F40 /* Build configuration list for PBXProject "SunshineAndRain" */ = {
			isa = XCConfigurationList;
			buildConfigurations = (
				41F821C519FFAA1100018F40 /* Debug */,
				41F821C619FFAA1100018F40 /* Release */,
			);
			defaultConfigurationIsVisible = 0;
			defaultConfigurationName = Release;
		};
		41F821C719FFAA1100018F40 /* Build configuration list for PBXNativeTarget "SunshineAndRain" */ = {
			isa = XCConfigurationList;
			buildConfigurations = (
				41F821C819FFAA1100018F40 /* Debug */,
				41F821C919FFAA1100018F40 /* Release */,
			);
			defaultConfigurationIsVisible = 0;
		};
		41F821CA19FFAA1100018F40 /* Build configuration list for PBXNativeTarget "SunshineAndRainTests" */ = {
			isa = XCConfigurationList;
			buildConfigurations = (
				41F821CB19FFAA1100018F40 /* Debug */,
				41F821CC19FFAA1100018F40 /* Release */,
			);
			defaultConfigurationIsVisible = 0;
		};
/* End XCConfigurationList section */
	};
	rootObject = 41F821A019FFAA0F00018F40 /* Project object */;
}
